
Microsoft Visual Studio Solution File, Format Version 12.00
# Visual Studio Version 16
VisualStudioVersion = 16.0.29920.165
MinimumVisualStudioVersion = 10.0.40219.1
Project("{FAE04EC0-301F-11D3-BF4B-00C04F79EFBC}") = "ConsoleApp6", "ConsoleApp6\ConsoleApp6.csproj", "{E2B0FE64-7A28-443E-8B50-7D4101D8341F}"
EndProject
Project("{FAE04EC0-301F-11D3-BF4B-00C04F79EFBC}") = "ConsoleApp6Test", "ConsoleApp6Test\ConsoleApp6Test.csproj", "{0F9F1CA2-3602-4155-A6E6-72E08D76E18F}"
EndProject
Global
	GlobalSection(SolutionConfigurationPlatforms) = preSolution
		Debug|Any CPU = Debug|Any CPU
		Release|Any CPU = Release|Any CPU
	EndGlobalSection
	GlobalSection(ProjectConfigurationPlatforms) = postSolution
		{E2B0FE64-7A28-443E-8B50-7D4101D8341F}.Debug|Any CPU.ActiveCfg = Debug|Any CPU
		{E2B0FE64-7A28-443E-8B50-7D4101D8341F}.Debug|Any CPU.Build.0 = Debug|Any CPU
		{E2B0FE64-7A28-443E-8B50-7D4101D8341F}.Release|Any CPU.ActiveCfg = Release|Any CPU
		{E2B0FE64-7A28-443E-8B50-7D4101D8341F}.Release|Any CPU.Build.0 = Release|Any CPU
		{0F9F1CA2-3602-4155-A6E6-72E08D76E18F}.Debug|Any CPU.ActiveCfg = Debug|Any CPU
		{0F9F1CA2-3602-4155-A6E6-72E08D76E18F}.Debug|Any CPU.Build.0 = Debug|Any CPU
		{0F9F1CA2-3602-4155-A6E6-72E08D76E18F}.Release|Any CPU.ActiveCfg = Release|Any CPU
		{0F9F1CA2-3602-4155-A6E6-72E08D76E18F}.Release|Any CPU.Build.0 = Release|Any CPU
	EndGlobalSection
	GlobalSection(SolutionProperties) = preSolution
		HideSolutionNode = FALSE
	EndGlobalSection
	GlobalSection(ExtensibilityGlobals) = postSolution
		SolutionGuid = {B74687FF-356B-47FF-83EF-31B21ED96693}
	EndGlobalSection
EndGlobal
